
Microsoft Visual Studio Solution File, Format Version 12.00
# Visual Studio Version 16
VisualStudioVersion = 16.0.30114.105
MinimumVisualStudioVersion = 10.0.40219.1
Project("{8BC9CEB8-8B4A-11D0-8D11-00A0C91BC942}") = "学生成绩管理系统", "学生成绩管理系统\学生成绩管理系统.vcxproj", "{44803707-0FB2-4C7A-812F-8CFE08ACFF17}"
EndProject
Global
	GlobalSection(SolutionConfigurationPlatforms) = preSolution
		Debug|x64 = Debug|x64
		Debug|x86 = Debug|x86
		Release|x64 = Release|x64
		Release|x86 = Release|x86
	EndGlobalSection
	GlobalSection(ProjectConfigurationPlatforms) = postSolution
		{44803707-0FB2-4C7A-812F-8CFE08ACFF17}.Debug|x64.ActiveCfg = Debug|x64
		{44803707-0FB2-4C7A-812F-8CFE08ACFF17}.Debug|x64.Build.0 = Debug|x64
		{44803707-0FB2-4C7A-812F-8CFE08ACFF17}.Debug|x86.ActiveCfg = Debug|Win32
		{44803707-0FB2-4C7A-812F-8CFE08ACFF17}.Debug|x86.Build.0 = Debug|Win32
		{44803707-0FB2-4C7A-812F-8CFE08ACFF17}.Release|x64.ActiveCfg = Release|x64
		{44803707-0FB2-4C7A-812F-8CFE08ACFF17}.Release|x64.Build.0 = Release|x64
		{44803707-0FB2-4C7A-812F-8CFE08ACFF17}.Release|x86.ActiveCfg = Release|Win32
		{44803707-0FB2-4C7A-812F-8CFE08ACFF17}.Release|x86.Build.0 = Release|Win32
	EndGlobalSection
	GlobalSection(SolutionProperties) = preSolution
		HideSolutionNode = FALSE
	EndGlobalSection
	GlobalSection(ExtensibilityGlobals) = postSolution
		SolutionGuid = {686172A4-1399-4A92-B379-213B7E17489E}
	EndGlobalSection
EndGlobal
